
Microsoft Visual Studio Solution File, Format Version 12.00
# Visual Studio Version 17
VisualStudioVersion = 17.9.34728.123
MinimumVisualStudioVersion = 10.0.40219.1
Project("{9A19103F-16F7-4668-BE54-9A1E7A4F7556}") = "WebApp", "WebApp.csproj", "{602B9C6F-F808-4D7A-BCAE-DCAA0A461321}"
EndProject
Global
	GlobalSection(SolutionConfigurationPlatforms) = preSolution
		Debug|Any CPU = Debug|Any CPU
		Release|Any CPU = Release|Any CPU
	EndGlobalSection
	GlobalSection(ProjectConfigurationPlatforms) = postSolution
		{602B9C6F-F808-4D7A-BCAE-DCAA0A461321}.Debug|Any CPU.ActiveCfg = Debug|Any CPU
		{602B9C6F-F808-4D7A-BCAE-DCAA0A461321}.Debug|Any CPU.Build.0 = Debug|Any CPU
		{602B9C6F-F808-4D7A-BCAE-DCAA0A461321}.Release|Any CPU.ActiveCfg = Release|Any CPU
		{602B9C6F-F808-4D7A-BCAE-DCAA0A461321}.Release|Any CPU.Build.0 = Release|Any CPU
	EndGlobalSection
	GlobalSection(SolutionProperties) = preSolution
		HideSolutionNode = FALSE
	EndGlobalSection
	GlobalSection(ExtensibilityGlobals) = postSolution
		SolutionGuid = {3E6A8E61-6DE0-45D2-BDBA-8DA1899D502A}
	EndGlobalSection
EndGlobal
